codeberg.org/elkarrde/exifscalpel v0.1.0 h1:HFuPoeWbWa2KNzr6a/CfxIpVkkz1h/uqcxY+8DzWLjk=
codeberg.org/elkarrde/exifscalpel v0.1.0/go.mod h1:K6hoJ/zNFgeIkwafiDLHeHYZ/uihfHfgWV7Fvie1a3I=
codeberg.org/elkarrde/exifscalpel v0.2.0 h1:dlEX7ydDY7qghBED34d/DixxZ8IMHssTlw27Nf7x4jY=
codeberg.org/elkarrde/exifscalpel v0.2.0/go.mod h1:K6hoJ/zNFgeIkwafiDLHeHYZ/uihfHfgWV7Fvie1a3I=
